{
  "requires": true,
  "lockfileVersion": 1,
  "dependencies": {
    "vue-simple-progress": {
      "version": "1.1.1",
      "resolved": "https://registry.npmjs.org/vue-simple-progress/-/vue-simple-progress-1.1.1.tgz",
      "integrity": "sha512-ltLWYBA5eVQHWyt1NwZeGeK0VQC69JVh1oqUdro0po7r8Hc8SEMEyEfuwyCO4s27h5I3jbD99BKKkyPSQZgoZA=="
    }
  }
}
